
Microsoft Visual Studio Solution File, Format Version 12.00
Project("{FAE04EC0-301F-11D3-BF4B-00C04F79EFBC}") = "TaskOmatic.Presentation", "TaskOmatic.Presentation\TaskOmatic.Presentation.csproj", "{AF32B299-A1DE-4000-995A-FDB7BF26EB0B}"
EndProject
Project("{FAE04EC0-301F-11D3-BF4B-00C04F79EFBC}") = "TaskOmatic.Application", "TaskOmatic.Application\TaskOmatic.Application.csproj", "{C47578B2-BCEC-4084-93FB-BC1B72A79D24}"
EndProject
Project("{FAE04EC0-301F-11D3-BF4B-00C04F79EFBC}") = "TaskOmatic.Contracts", "TaskOmatic.Contracts\TaskOmatic.Contracts.csproj", "{9CDA099A-04A2-4398-A55F-227D24F163A3}"
EndProject
Project("{FAE04EC0-301F-11D3-BF4B-00C04F79EFBC}") = "TaskOmatic.Domain", "TaskOmatic.Domain\TaskOmatic.Domain.csproj", "{958E7FB5-84DA-425E-8D4A-BF54887CB3F2}"
EndProject
Project("{FAE04EC0-301F-11D3-BF4B-00C04F79EFBC}") = "TaskOmatic.Infrastructure", "TaskOmatic.Infrastructure\TaskOmatic.Infrastructure.csproj", "{4D37B4D7-F331-4863-85AA-A936CAA45B88}"
EndProject
Global
	GlobalSection(SolutionConfigurationPlatforms) = preSolution
		Debug|Any CPU = Debug|Any CPU
		Release|Any CPU = Release|Any CPU
	EndGlobalSection
	GlobalSection(ProjectConfigurationPlatforms) = postSolution
		{AF32B299-A1DE-4000-995A-FDB7BF26EB0B}.Debug|Any CPU.ActiveCfg = Debug|Any CPU
		{AF32B299-A1DE-4000-995A-FDB7BF26EB0B}.Debug|Any CPU.Build.0 = Debug|Any CPU
		{AF32B299-A1DE-4000-995A-FDB7BF26EB0B}.Release|Any CPU.ActiveCfg = Release|Any CPU
		{AF32B299-A1DE-4000-995A-FDB7BF26EB0B}.Release|Any CPU.Build.0 = Release|Any CPU
		{C47578B2-BCEC-4084-93FB-BC1B72A79D24}.Debug|Any CPU.ActiveCfg = Debug|Any CPU
		{C47578B2-BCEC-4084-93FB-BC1B72A79D24}.Debug|Any CPU.Build.0 = Debug|Any CPU
		{C47578B2-BCEC-4084-93FB-BC1B72A79D24}.Release|Any CPU.ActiveCfg = Release|Any CPU
		{C47578B2-BCEC-4084-93FB-BC1B72A79D24}.Release|Any CPU.Build.0 = Release|Any CPU
		{9CDA099A-04A2-4398-A55F-227D24F163A3}.Debug|Any CPU.ActiveCfg = Debug|Any CPU
		{9CDA099A-04A2-4398-A55F-227D24F163A3}.Debug|Any CPU.Build.0 = Debug|Any CPU
		{9CDA099A-04A2-4398-A55F-227D24F163A3}.Release|Any CPU.ActiveCfg = Release|Any CPU
		{9CDA099A-04A2-4398-A55F-227D24F163A3}.Release|Any CPU.Build.0 = Release|Any CPU
		{958E7FB5-84DA-425E-8D4A-BF54887CB3F2}.Debug|Any CPU.ActiveCfg = Debug|Any CPU
		{958E7FB5-84DA-425E-8D4A-BF54887CB3F2}.Debug|Any CPU.Build.0 = Debug|Any CPU
		{958E7FB5-84DA-425E-8D4A-BF54887CB3F2}.Release|Any CPU.ActiveCfg = Release|Any CPU
		{958E7FB5-84DA-425E-8D4A-BF54887CB3F2}.Release|Any CPU.Build.0 = Release|Any CPU
		{4D37B4D7-F331-4863-85AA-A936CAA45B88}.Debug|Any CPU.ActiveCfg = Debug|Any CPU
		{4D37B4D7-F331-4863-85AA-A936CAA45B88}.Debug|Any CPU.Build.0 = Debug|Any CPU
		{4D37B4D7-F331-4863-85AA-A936CAA45B88}.Release|Any CPU.ActiveCfg = Release|Any CPU
		{4D37B4D7-F331-4863-85AA-A936CAA45B88}.Release|Any CPU.Build.0 = Release|Any CPU
	EndGlobalSection
EndGlobal
